
Microsoft Visual Studio Solution File, Format Version 12.00
# Visual Studio Version 16
VisualStudioVersion = 16.0.29609.76
MinimumVisualStudioVersion = 10.0.40219.1
Project("{FAE04EC0-301F-11D3-BF4B-00C04F79EFBC}") = "Bootstrap", "Bootstrap\Bootstrap.csproj", "{12BCB098-5341-4ADB-89A3-ADB1079E9CC3}"
EndProject
Global
	GlobalSection(SolutionConfigurationPlatforms) = preSolution
		Debug|Any CPU = Debug|Any CPU
		Release|Any CPU = Release|Any CPU
	EndGlobalSection
	GlobalSection(ProjectConfigurationPlatforms) = postSolution
		{12BCB098-5341-4ADB-89A3-ADB1079E9CC3}.Debug|Any CPU.ActiveCfg = Debug|Any CPU
		{12BCB098-5341-4ADB-89A3-ADB1079E9CC3}.Debug|Any CPU.Build.0 = Debug|Any CPU
		{12BCB098-5341-4ADB-89A3-ADB1079E9CC3}.Release|Any CPU.ActiveCfg = Release|Any CPU
		{12BCB098-5341-4ADB-89A3-ADB1079E9CC3}.Release|Any CPU.Build.0 = Release|Any CPU
	EndGlobalSection
	GlobalSection(SolutionProperties) = preSolution
		HideSolutionNode = FALSE
	EndGlobalSection
	GlobalSection(ExtensibilityGlobals) = postSolution
		SolutionGuid = {2E390864-38C7-4BB4-9C0C-D71D2E8DA6CF}
	EndGlobalSection
EndGlobal
